
Microsoft Visual Studio Solution File, Format Version 12.00
# Visual Studio Version 17
VisualStudioVersion = 17.7.34302.85
MinimumVisualStudioVersion = 10.0.40219.1
Project("{8BC9CEB8-8B4A-11D0-8D11-00A0C91BC942}") = "openCOSMORS", "openCOSMORS.vcxproj", "{EB36C610-4D40-4702-90AF-22ABEED85745}"
EndProject
Project("{888888A0-9F3D-457C-B088-3A5042F75D52}") = "openCOSMORS_python_example", "openCOSMORS_python_example.pyproj", "{4C1DD7E1-3ED1-4C5B-8DCF-C3DB81F4E083}"
EndProject
Global
	GlobalSection(SolutionConfigurationPlatforms) = preSolution
		Debug|x64 = Debug|x64
		Release|x64 = Release|x64
	EndGlobalSection
	GlobalSection(ProjectConfigurationPlatforms) = postSolution
		{EB36C610-4D40-4702-90AF-22ABEED85745}.Debug|x64.ActiveCfg = Debug|x64
		{EB36C610-4D40-4702-90AF-22ABEED85745}.Debug|x64.Build.0 = Debug|x64
		{EB36C610-4D40-4702-90AF-22ABEED85745}.Release|x64.ActiveCfg = Release|x64
		{EB36C610-4D40-4702-90AF-22ABEED85745}.Release|x64.Build.0 = Release|x64
		{4C1DD7E1-3ED1-4C5B-8DCF-C3DB81F4E083}.Debug|x64.ActiveCfg = Debug|Any CPU
		{4C1DD7E1-3ED1-4C5B-8DCF-C3DB81F4E083}.Release|x64.ActiveCfg = Release|Any CPU
	EndGlobalSection
	GlobalSection(SolutionProperties) = preSolution
		HideSolutionNode = FALSE
	EndGlobalSection
	GlobalSection(ExtensibilityGlobals) = postSolution
		SolutionGuid = {8FD69E85-C551-45AA-B400-70A69EDF0FDF}
	EndGlobalSection
EndGlobal
